<Solution>
  <Folder Name="/src/">
    <Project Path="src/InfraGate.Approvals/InfraGate.Approvals.csproj" />
    <Project Path="src/InfraGate.Approvals.Postgres/InfraGate.Approvals.Postgres.csproj" />
    <Project Path="src/InfraGate.AuditOutbox/InfraGate.AuditOutbox.csproj" />
    <Project Path="src/InfraGate.AuditOutbox.Postgres/InfraGate.AuditOutbox.Postgres.csproj" />
    <Project Path="src/InfraGate.AgentLlm/InfraGate.AgentLlm.csproj" />
    <Project Path="src/InfraGate.AgentMcp/InfraGate.AgentMcp.csproj" />
    <Project Path="src/InfraGate.AgentGuardrails/InfraGate.AgentGuardrails.csproj" />
    <Project Path="src/InfraGate.AgentGuardrails.AgentGovernanceToolkit/InfraGate.AgentGuardrails.AgentGovernanceToolkit.csproj" />
    <Project Path="src/InfraGate.Prompts/InfraGate.Prompts.csproj" />
    <Project Path="src/InfraGate.RfcRag/InfraGate.RfcRag.csproj" />
    <Project Path="src/InfraGate.ClientCredentials/InfraGate.ClientCredentials.csproj" />
    <Project Path="src/InfraGate.DownstreamAuth/InfraGate.DownstreamAuth.csproj" />
    <Project Path="src/InfraGate.Observer.Contracts/InfraGate.Observer.Contracts.csproj" />
    <Project Path="src/InfraGate.Remediation.Contracts/InfraGate.Remediation.Contracts.csproj" />
    <Project Path="src/InfraGate.KubernetesAdapter/InfraGate.KubernetesAdapter.csproj" />
    <Project Path="src/InfraGate.RuntimeSafety/InfraGate.RuntimeSafety.csproj" />
    <Project Path="src/InfraGate.Observability/InfraGate.Observability.csproj" />
    <Project Path="src/InfraGate.RunProfiles/InfraGate.RunProfiles.csproj" />
    <Project Path="src/InfraGate.McpGateway.Auth/InfraGate.McpGateway.Auth.csproj" />
    <Project Path="src/InfraGate.ApprovalUi/InfraGate.ApprovalUi.csproj" />
    <Project Path="src/InfraGate.McpGateway/InfraGate.McpGateway.csproj" />
    <Project Path="src/InfraGate.McpServer/InfraGate.McpServer.csproj" />
    <Project Path="src/InfraGate.Observer/InfraGate.Observer.csproj" />
    <Project Path="src/InfraGate.Planner/InfraGate.Planner.csproj" />
    <Project Path="src/InfraGate.Executor/InfraGate.Executor.csproj" />
  </Folder>
  <Folder Name="/tests/">
    <Project Path="tests/InfraGate.Prompts.Tests/InfraGate.Prompts.Tests.csproj" />
    <Project Path="tests/InfraGate.AgentLlm.Tests/InfraGate.AgentLlm.Tests.csproj" />
    <Project Path="tests/InfraGate.AgentMcp.Tests/InfraGate.AgentMcp.Tests.csproj" />
    <Project Path="tests/InfraGate.AgentGuardrails.Tests/InfraGate.AgentGuardrails.Tests.csproj" />
    <Project Path="tests/InfraGate.AgentGuardrails.AgentGovernanceToolkit.Tests/InfraGate.AgentGuardrails.AgentGovernanceToolkit.Tests.csproj" />
    <Project Path="tests/InfraGate.AuditOutbox.Tests/InfraGate.AuditOutbox.Tests.csproj" />
    <Project Path="tests/InfraGate.ClientCredentials.Tests/InfraGate.ClientCredentials.Tests.csproj" />
    <Project Path="tests/InfraGate.DownstreamAuth.Tests/InfraGate.DownstreamAuth.Tests.csproj" />
    <Project Path="tests/InfraGate.Observer.Contracts.Tests/InfraGate.Observer.Contracts.Tests.csproj" />
    <Project Path="tests/InfraGate.Remediation.Contracts.Tests/InfraGate.Remediation.Contracts.Tests.csproj" />
    <Project Path="tests/InfraGate.RfcRag.Tests/InfraGate.RfcRag.Tests.csproj" />
    <Project Path="tests/InfraGate.Architecture.Tests/InfraGate.Architecture.Tests.csproj" />
    <Project Path="tests/InfraGate.Approvals.Postgres.Tests/InfraGate.Approvals.Postgres.Tests.csproj" />
    <Project Path="tests/InfraGate.McpGateway.KeycloakTests/InfraGate.McpGateway.KeycloakTests.csproj" />
    <Project Path="tests/InfraGate.McpGateway.Tests/InfraGate.McpGateway.Tests.csproj" />
    <Project Path="tests/InfraGate.McpServer.Tests/InfraGate.McpServer.Tests.csproj" />
    <Project Path="tests/InfraGate.RuntimeSafety.Tests/InfraGate.RuntimeSafety.Tests.csproj" />
    <Project Path="tests/InfraGate.Observability.Tests/InfraGate.Observability.Tests.csproj" />
    <Project Path="tests/InfraGate.RunProfiles.Tests/InfraGate.RunProfiles.Tests.csproj" />
    <Project Path="tests/InfraGate.ApprovalUi.Tests/InfraGate.ApprovalUi.Tests.csproj" />
    <Project Path="tests/InfraGate.Safety.E2E.Tests/InfraGate.Safety.E2E.Tests.csproj" />
    <Project Path="tests/InfraGate.Observer.Tests/InfraGate.Observer.Tests.csproj" />
    <Project Path="tests/InfraGate.Planner.Tests/InfraGate.Planner.Tests.csproj" />
    <Project Path="tests/InfraGate.Executor.Tests/InfraGate.Executor.Tests.csproj" />
    <Project Path="tests/InfraGate.Observer.IntegrationTests/InfraGate.Observer.IntegrationTests.csproj" />
    <Project Path="tests/InfraGate.Observer.E2E.Tests/InfraGate.Observer.E2E.Tests.csproj" />
    <Project Path="tests/InfraGate.Planner.IntegrationTests/InfraGate.Planner.IntegrationTests.csproj" />
    <Project Path="tests/InfraGate.Executor.IntegrationTests/InfraGate.Executor.IntegrationTests.csproj" />
    <Project Path="tests/InfraGate.Remediation.E2E.Tests/InfraGate.Remediation.E2E.Tests.csproj" />
  </Folder>
  <Folder Name="/tools/">
    <Project Path="tools/approval-postgres-migrations/ApplyApprovalPostgresMigrations.csproj" />
  </Folder>
</Solution>
