<Solution>
  <Folder Name="/src/">
    <Project Path="src/InfraGate.DevIssuer/InfraGate.DevIssuer.csproj" />
    <Project Path="src/InfraGate.Approvals/InfraGate.Approvals.csproj" />
    <Project Path="src/InfraGate.RuntimeSafety/InfraGate.RuntimeSafety.csproj" />
    <Project Path="src/InfraGate.McpGateway.Auth/InfraGate.McpGateway.Auth.csproj" />
    <Project Path="src/InfraGate.McpGateway/InfraGate.McpGateway.csproj" />
    <Project Path="src/InfraGate.McpServer/InfraGate.McpServer.csproj" />
  </Folder>
  <Folder Name="/tests/">
    <Project Path="tests/InfraGate.DevIssuer.Tests/InfraGate.DevIssuer.Tests.csproj" />
    <Project Path="tests/InfraGate.McpGateway.Tests/InfraGate.McpGateway.Tests.csproj" />
    <Project Path="tests/InfraGate.McpServer.Tests/InfraGate.McpServer.Tests.csproj" />
    <Project Path="tests/InfraGate.RuntimeSafety.Tests/InfraGate.RuntimeSafety.Tests.csproj" />
  </Folder>
</Solution>
